{
  "name": "Avix-New-Next",
  "lockfileVersion": 3,
  "requires": true,
  "packages": {
    "": {
      "dependencies": {
        "@radix-ui/react-slot": "^1.2.3",
        "class-variance-authority": "^0.7.1",
        "lucide-react": "^0.536.0",
        "react-fast-marquee": "^1.6.5",
        "tailwind-merge": "^3.3.1"
      }
    },
    "node_modules/@radix-ui/react-compose-refs": {
      "version": "1.1.2",
      "resolved": "https://registry.npmjs.org/@radix-ui/react-compose-refs/-/react-compose-refs-1.1.2.tgz",
      "integrity": "sha512-z4eqJvfiNnFMHIIvXP3CY57y2WJs5g2v3X0zm9mEJkrkNv4rDxu+sg9Jh8EkXyeqBkB7SOcboo9dMVqhyrACIg==",
      "license": "MIT",
      "peerDependencies": {
        "@types/react": "*",
        "react": "^16.8 || ^17.0 || ^18.0 || ^19.0 || ^19.0.0-rc"
      },
      "peerDependenciesMeta": {
        "@types/react": {
          "optional": true
        }
      }
    },
    "node_modules/@radix-ui/react-slot": {
      "version": "1.2.3",
      "resolved": "https://registry.npmjs.org/@radix-ui/react-slot/-/react-slot-1.2.3.tgz",
      "integrity": "sha512-aeNmHnBxbi2St0au6VBVC7JXFlhLlOnvIIlePNniyUNAClzmtAUEY8/pBiK3iHjufOlwA+c20/8jngo7xcrg8A==",
      "license": "MIT",
      "dependencies": {
        "@radix-ui/react-compose-refs": "1.1.2"
      },
      "peerDependencies": {
        "@types/react": "*",
        "react": "^16.8 || ^17.0 || ^18.0 || ^19.0 || ^19.0.0-rc"
      },
      "peerDependenciesMeta": {
        "@types/react": {
          "optional": true
        }
      }
    },
    "node_modules/class-variance-authority": {
      "version": "0.7.1",
      "resolved": "https://registry.npmjs.org/class-variance-authority/-/class-variance-authority-0.7.1.tgz",
      "integrity": "sha512-Ka+9Trutv7G8M6WT6SeiRWz792K5qEqIGEGzXKhAE6xOWAY6pPH8U+9IY3oCMv6kqTmLsv7Xh/2w2RigkePMsg==",
      "license": "Apache-2.0",
      "dependencies": {
        "clsx": "^2.1.1"
      },
      "funding": {
        "url": "https://polar.sh/cva"
      }
    },
    "node_modules/clsx": {
      "version": "2.1.1",
      "resolved": "https://registry.npmjs.org/clsx/-/clsx-2.1.1.tgz",
      "integrity": "sha512-eYm0QWBtUrBWZWG0d386OGAw16Z995PiOVo2B7bjWSbHedGl5e0ZWaq65kOGgUSNesEIDkB9ISbTg/JK9dhCZA==",
      "license": "MIT",
      "engines": {
        "node": ">=6"
      }
    },
    "node_modules/lucide-react": {
      "version": "0.536.0",
      "resolved": "https://registry.npmjs.org/lucide-react/-/lucide-react-0.536.0.tgz",
      "integrity": "sha512-2PgvNa9v+qz4Jt/ni8vPLt4jwoFybXHuubQT8fv4iCW5TjDxkbZjNZZHa485ad73NSEn/jdsEtU57eE1g+ma8A==",
      "license": "ISC",
      "peerDependencies": {
        "react": "^16.5.1 || ^17.0.0 || ^18.0.0 || ^19.0.0"
      }
    },
    "node_modules/react": {
      "version": "19.1.1",
      "resolved": "https://registry.npmjs.org/react/-/react-19.1.1.tgz",
      "integrity": "sha512-w8nqGImo45dmMIfljjMwOGtbmC/mk4CMYhWIicdSflH91J9TyCyczcPFXJzrZ/ZXcgGRFeP6BU0BEJTw6tZdfQ==",
      "license": "MIT",
      "peer": true,
      "engines": {
        "node": ">=0.10.0"
      }
    },
    "node_modules/react-dom": {
      "version": "19.1.1",
      "resolved": "https://registry.npmjs.org/react-dom/-/react-dom-19.1.1.tgz",
      "integrity": "sha512-Dlq/5LAZgF0Gaz6yiqZCf6VCcZs1ghAJyrsu84Q/GT0gV+mCxbfmKNoGRKBYMJ8IEdGPqu49YWXD02GCknEDkw==",
      "license": "MIT",
      "peer": true,
      "dependencies": {
        "scheduler": "^0.26.0"
      },
      "peerDependencies": {
        "react": "^19.1.1"
      }
    },
    "node_modules/react-fast-marquee": {
      "version": "1.6.5",
      "resolved": "https://registry.npmjs.org/react-fast-marquee/-/react-fast-marquee-1.6.5.tgz",
      "integrity": "sha512-swDnPqrT2XISAih0o74zQVE2wQJFMvkx+9VZXYYNSLb/CUcAzU9pNj637Ar2+hyRw6b4tP6xh4GQZip2ZCpQpg==",
      "license": "MIT",
      "peerDependencies": {
        "react": ">= 16.8.0 || ^18.0.0",
        "react-dom": ">= 16.8.0 || ^18.0.0"
      }
    },
    "node_modules/scheduler": {
      "version": "0.26.0",
      "resolved": "https://registry.npmjs.org/scheduler/-/scheduler-0.26.0.tgz",
      "integrity": "sha512-NlHwttCI/l5gCPR3D1nNXtWABUmBwvZpEQiD4IXSbIDq8BzLIK/7Ir5gTFSGZDUu37K5cMNp0hFtzO38sC7gWA==",
      "license": "MIT",
      "peer": true
    },
    "node_modules/tailwind-merge": {
      "version": "3.3.1",
      "resolved": "https://registry.npmjs.org/tailwind-merge/-/tailwind-merge-3.3.1.tgz",
      "integrity": "sha512-gBXpgUm/3rp1lMZZrM/w7D8GKqshif0zAymAhbCyIt8KMe+0v9DQ7cdYLR4FHH/cKpdTXb+A/tKKU3eolfsI+g==",
      "license": "MIT",
      "funding": {
        "type": "github",
        "url": "https://github.com/sponsors/dcastil"
      }
    }
  }
}
